
Microsoft Visual Studio Solution File, Format Version 12.00
# Visual Studio Version 17
VisualStudioVersion = 17.0.32112.339
MinimumVisualStudioVersion = 10.0.40219.1
Project("{FAE04EC0-301F-11D3-BF4B-00C04F79EFBC}") = "calc-ui-wpf", "calc-ui-wpf\calc-ui-wpf.csproj", "{2C38E188-D938-4500-BA59-13AAC4CD0034}"
EndProject
Global
	GlobalSection(SolutionConfigurationPlatforms) = preSolution
		Debug|Any CPU = Debug|Any CPU
		Release|Any CPU = Release|Any CPU
	EndGlobalSection
	GlobalSection(ProjectConfigurationPlatforms) = postSolution
		{2C38E188-D938-4500-BA59-13AAC4CD0034}.Debug|Any CPU.ActiveCfg = Debug|Any CPU
		{2C38E188-D938-4500-BA59-13AAC4CD0034}.Debug|Any CPU.Build.0 = Debug|Any CPU
		{2C38E188-D938-4500-BA59-13AAC4CD0034}.Release|Any CPU.ActiveCfg = Release|Any CPU
		{2C38E188-D938-4500-BA59-13AAC4CD0034}.Release|Any CPU.Build.0 = Release|Any CPU
	EndGlobalSection
	GlobalSection(SolutionProperties) = preSolution
		HideSolutionNode = FALSE
	EndGlobalSection
	GlobalSection(ExtensibilityGlobals) = postSolution
		SolutionGuid = {ECAFF4B0-DDEA-4F4E-99D2-EA14B5B016C9}
	EndGlobalSection
EndGlobal
